// !$*UTF8*$!
{
	archiveVersion = 1;
	classes = {
	};
	objectVersion = 46;
	objects = {

/* Begin PBXBuildFile section */
		0C5552EE1AD2A4C000A80AF4 /* RecordedAudio.swift in Sources */ = {isa = PBXBuildFile; fileRef = 0C5552ED1AD2A4C000A80AF4 /* RecordedAudio.swift */; };
		0C9641D91ACECA0200A95EE7 /* movie_quote.mp3 in Resources */ = {isa = PBXBuildFile; fileRef = 0C9641D81ACECA0200A95EE7 /* movie_quote.mp3 */; };
		0CE99E001ACEADAD005AFB68 /* AppDelegate.swift in Sources */ = {isa = PBXBuildFile; fileRef = 0CE99DFF1ACEADAD005AFB68 /* AppDelegate.swift */; };
		0CE99E021ACEADAD005AFB68 /* RecordSoundsViewController.swift in Sources */ = {isa = PBXBuildFile; fileRef = 0CE99E011ACEADAD005AFB68 /* RecordSoundsViewController.swift */; };
		0CE99E051ACEADAD005AFB68 /* Main.storyboard in Resources */ = {isa = PBXBuildFile; fileRef = 0CE99E031ACEADAD005AFB68 /* Main.storyboard */; };
		0CE99E071ACEADAD005AFB68 /* Images.xcassets in Resources */ = {isa = PBXBuildFile; fileRef = 0CE99E061ACEADAD005AFB68 /* Images.xcassets */; };
		0CE99E0A1ACEADAD005AFB68 /* LaunchScreen.xib in Resources */ = {isa = PBXBuildFile; fileRef = 0CE99E081ACEADAD005AFB68 /* LaunchScreen.xib */; };
		0CE99E161ACEADAD005AFB68 /* Pitch_PerfectTests.swift in Sources */ = {isa = PBXBuildFile; fileRef = 0CE99E151ACEADAD005AFB68 /* Pitch_PerfectTests.swift */; };
		0CEBA86F1ACEC65400FAF29E /* PlaySoundsViewController.swift in Sources */ = {isa = PBXBuildFile; fileRef = 0CEBA86E1ACEC65400FAF29E /* PlaySoundsViewController.swift */; };
/* End PBXBuildFile section */

/* Begin PBXContainerItemProxy section */
		0CE99E101ACEADAD005AFB68 /* PBXContainerItemProxy */ = {
			isa = PBXContainerItemProxy;
			containerPortal = 0CE99DF21ACEADAD005AFB68 /* Project object */;
			proxyType = 1;
			remoteGlobalIDString = 0CE99DF91ACEADAD005AFB68;
			remoteInfo = "Pitch Perfect";
		};
/* End PBXContainerItemProxy section */

/* Begin PBXFileReference section */
		0C5552ED1AD2A4C000A80AF4 /* RecordedAudio.swift */ = {isa = PBXFileReference; fileEncoding = 4; lastKnownFileType = sourcecode.swift; path = RecordedAudio.swift; sourceTree = "<group>"; };
		0C9641D81ACECA0200A95EE7 /* movie_quote.mp3 */ = {isa = PBXFileReference; lastKnownFileType = audio.mp3; path = movie_quote.mp3; sourceTree = "<group>"; };
		0CE99DFA1ACEADAD005AFB68 /* Pitch Perfect.app */ = {isa = PBXFileReference; explicitFileType = wrapper.application; includeInIndex = 0; path = "Pitch Perfect.app"; sourceTree = BUILT_PRODUCTS_DIR; };
		0CE99DFE1ACEADAD005AFB68 /* Info.plist */ = {isa = PBXFileReference; lastKnownFileType = text.plist.xml; path = Info.plist; sourceTree = "<group>"; };
		0CE99DFF1ACEADAD005AFB68 /* AppDelegate.swift */ = {isa = PBXFileReference; lastKnownFileType = sourcecode.swift; path = AppDelegate.swift; sourceTree = "<group>"; };
		0CE99E011ACEADAD005AFB68 /* RecordSoundsViewController.swift */ = {isa = PBXFileReference; lastKnownFileType = sourcecode.swift; path = RecordSoundsViewController.swift; sourceTree = "<group>"; };
		0CE99E041ACEADAD005AFB68 /* Base */ = {isa = PBXFileReference; lastKnownFileType = file.storyboard; name = Base; path = Base.lproj/Main.storyboard; sourceTree = "<group>"; };
		0CE99E061ACEADAD005AFB68 /* Images.xcassets */ = {isa = PBXFileReference; lastKnownFileType = folder.assetcatalog; path = Images.xcassets; sourceTree = "<group>"; };
		0CE99E091ACEADAD005AFB68 /* Base */ = {isa = PBXFileReference; lastKnownFileType = file.xib; name = Base; path = Base.lproj/LaunchScreen.xib; sourceTree = "<group>"; };
		0CE99E0F1ACEADAD005AFB68 /* Pitch PerfectTests.xctest */ = {isa = PBXFileReference; explicitFileType = wrapper.cfbundle; includeInIndex = 0; path = "Pitch PerfectTests.xctest"; sourceTree = BUILT_PRODUCTS_DIR; };
		0CE99E141ACEADAD005AFB68 /* Info.plist */ = {isa = PBXFileReference; lastKnownFileType = text.plist.xml; path = Info.plist; sourceTree = "<group>"; };
		0CE99E151ACEADAD005AFB68 /* Pitch_PerfectTests.swift */ = {isa = PBXFileReference; lastKnownFileType = sourcecode.swift; path = Pitch_PerfectTests.swift; sourceTree = "<group>"; };
		0CEBA86E1ACEC65400FAF29E /* PlaySoundsViewController.swift */ = {isa = PBXFileReference; fileEncoding = 4; lastKnownFileType = sourcecode.swift; path = PlaySoundsViewController.swift; sourceTree = "<group>"; };
/* End PBXFileReference section */

/* Begin PBXFrameworksBuildPhase section */
		0CE99DF71ACEADAD005AFB68 /* Frameworks */ = {
			isa = PBXFrameworksBuildPhase;
			buildActionMask = 2147483647;
			files = (
			);
			runOnlyForDeploymentPostprocessing = 0;
		};
		0CE99E0C1ACEADAD005AFB68 /* Frameworks */ = {
			isa = PBXFrameworksBuildPhase;
			buildActionMask = 2147483647;
			files = (
			);
			runOnlyForDeploymentPostprocessing = 0;
		};
/* End PBXFrameworksBuildPhase section */

/* Begin PBXGroup section */
		0CE99DF11ACEADAD005AFB68 = {
			isa = PBXGroup;
			children = (
				0CE99DFC1ACEADAD005AFB68 /* Pitch Perfect */,
				0CE99E121ACEADAD005AFB68 /* Pitch PerfectTests */,
				0CE99DFB1ACEADAD005AFB68 /* Products */,
			);
			sourceTree = "<group>";
		};
		0CE99DFB1ACEADAD005AFB68 /* Products */ = {
			isa = PBXGroup;
			children = (
				0CE99DFA1ACEADAD005AFB68 /* Pitch Perfect.app */,
				0CE99E0F1ACEADAD005AFB68 /* Pitch PerfectTests.xctest */,
			);
			name = Products;
			sourceTree = "<group>";
		};
		0CE99DFC1ACEADAD005AFB68 /* Pitch Perfect */ = {
			isa = PBXGroup;
			children = (
				0CE99DFF1ACEADAD005AFB68 /* AppDelegate.swift */,
				0CE99E011ACEADAD005AFB68 /* RecordSoundsViewController.swift */,
				0C5552ED1AD2A4C000A80AF4 /* RecordedAudio.swift */,
				0CE99E031ACEADAD005AFB68 /* Main.storyboard */,
				0CEBA86E1ACEC65400FAF29E /* PlaySoundsViewController.swift */,
				0CE99E061ACEADAD005AFB68 /* Images.xcassets */,
				0CE99E081ACEADAD005AFB68 /* LaunchScreen.xib */,
				0CE99DFD1ACEADAD005AFB68 /* Supporting Files */,
			);
			path = "Pitch Perfect";
			sourceTree = "<group>";
		};
		0CE99DFD1ACEADAD005AFB68 /* Supporting Files */ = {
			isa = PBXGroup;
			children = (
				0C9641D81ACECA0200A95EE7 /* movie_quote.mp3 */,
				0CE99DFE1ACEADAD005AFB68 /* Info.plist */,
			);
			name = "Supporting Files";
			sourceTree = "<group>";
		};
		0CE99E121ACEADAD005AFB68 /* Pitch PerfectTests */ = {
			isa = PBXGroup;
			children = (
				0CE99E151ACEADAD005AFB68 /* Pitch_PerfectTests.swift */,
				0CE99E131ACEADAD005AFB68 /* Supporting Files */,
			);
			path = "Pitch PerfectTests";
			sourceTree = "<group>";
		};
		0CE99E131ACEADAD005AFB68 /* Supporting Files */ = {
			isa = PBXGroup;
			children = (
				0CE99E141ACEADAD005AFB68 /* Info.plist */,
			);
			name = "Supporting Files";
			sourceTree = "<group>";
		};
/* End PBXGroup section */

/* Begin PBXNativeTarget section */
		0CE99DF91ACEADAD005AFB68 /* Pitch Perfect */ = {
			isa = PBXNativeTarget;
			buildConfigurationList = 0CE99E191ACEADAD005AFB68 /* Build configuration list for PBXNativeTarget "Pitch Perfect" */;
			buildPhases = (
				0CE99DF61ACEADAD005AFB68 /* Sources */,
				0CE99DF71ACEADAD005AFB68 /* Frameworks */,
				0CE99DF81ACEADAD005AFB68 /* Resources */,
			);
			buildRules = (
			);
			dependencies = (
			);
			name = "Pitch Perfect";
			productName = "Pitch Perfect";
			productReference = 0CE99DFA1ACEADAD005AFB68 /* Pitch Perfect.app */;
			productType = "com.apple.product-type.application";
		};
		0CE99E0E1ACEADAD005AFB68 /* Pitch PerfectTests */ = {
			isa = PBXNativeTarget;
			buildConfigurationList = 0CE99E1C1ACEADAD005AFB68 /* Build configuration list for PBXNativeTarget "Pitch PerfectTests" */;
			buildPhases = (
				0CE99E0B1ACEADAD005AFB68 /* Sources */,
				0CE99E0C1ACEADAD005AFB68 /* Frameworks */,
				0CE99E0D1ACEADAD005AFB68 /* Resources */,
			);
			buildRules = (
			);
			dependencies = (
				0CE99E111ACEADAD005AFB68 /* PBXTargetDependency */,
			);
			name = "Pitch PerfectTests";
			productName = "Pitch PerfectTests";
			productReference = 0CE99E0F1ACEADAD005AFB68 /* Pitch PerfectTests.xctest */;
			productType = "com.apple.product-type.bundle.unit-test";
		};
/* End PBXNativeTarget section */

/* Begin PBXProject section */
		0CE99DF21ACEADAD005AFB68 /* Project object */ = {
			isa = PBXProject;
			attributes = {
				LastUpgradeCheck = 0610;
				ORGANIZATIONNAME = RH;
				TargetAttributes = {
					0CE99DF91ACEADAD005AFB68 = {
						CreatedOnToolsVersion = 6.1.1;
					};
					0CE99E0E1ACEADAD005AFB68 = {
						CreatedOnToolsVersion = 6.1.1;
						TestTargetID = 0CE99DF91ACEADAD005AFB68;
					};
				};
			};
			buildConfigurationList = 0CE99DF51ACEADAD005AFB68 /* Build configuration list for PBXProject "Pitch Perfect" */;
			compatibilityVersion = "Xcode 3.2";
			developmentRegion = English;
			hasScannedForEncodings = 0;
			knownRegions = (
				en,
				Base,
			);
			mainGroup = 0CE99DF11ACEADAD005AFB68;
			productRefGroup = 0CE99DFB1ACEADAD005AFB68 /* Products */;
			projectDirPath = "";
			projectRoot = "";
			targets = (
				0CE99DF91ACEADAD005AFB68 /* Pitch Perfect */,
				0CE99E0E1ACEADAD005AFB68 /* Pitch PerfectTests */,
			);
		};
/* End PBXProject section */

/* Begin PBXResourcesBuildPhase section */
		0CE99DF81ACEADAD005AFB68 /* Resources */ = {
			isa = PBXResourcesBuildPhase;
			buildActionMask = 2147483647;
			files = (
				0CE99E051ACEADAD005AFB68 /* Main.storyboard in Resources */,
				0CE99E0A1ACEADAD005AFB68 /* LaunchScreen.xib in Resources */,
				0C9641D91ACECA0200A95EE7 /* movie_quote.mp3 in Resources */,
				0CE99E071ACEADAD005AFB68 /* Images.xcassets in Resources */,
			);
			runOnlyForDeploymentPostprocessing = 0;
		};
		0CE99E0D1ACEADAD005AFB68 /* Resources */ = {
			isa = PBXResourcesBuildPhase;
			buildActionMask = 2147483647;
			files = (
			);
			runOnlyForDeploymentPostprocessing = 0;
		};
/* End PBXResourcesBuildPhase section */

/* Begin PBXSourcesBuildPhase section */
		0CE99DF61ACEADAD005AFB68 /* Sources */ = {
			isa = PBXSourcesBuildPhase;
			buildActionMask = 2147483647;
			files = (
				0C5552EE1AD2A4C000A80AF4 /* RecordedAudio.swift in Sources */,
				0CE99E021ACEADAD005AFB68 /* RecordSoundsViewController.swift in Sources */,
				0CEBA86F1ACEC65400FAF29E /* PlaySoundsViewController.swift in Sources */,
				0CE99E001ACEADAD005AFB68 /* AppDelegate.swift in Sources */,
			);
			runOnlyForDeploymentPostprocessing = 0;
		};
		0CE99E0B1ACEADAD005AFB68 /* Sources */ = {
			isa = PBXSourcesBuildPhase;
			buildActionMask = 2147483647;
			files = (
				0CE99E161ACEADAD005AFB68 /* Pitch_PerfectTests.swift in Sources */,
			);
			runOnlyForDeploymentPostprocessing = 0;
		};
/* End PBXSourcesBuildPhase section */

/* Begin PBXTargetDependency section */
		0CE99E111ACEADAD005AFB68 /* PBXTargetDependency */ = {
			isa = PBXTargetDependency;
			target = 0CE99DF91ACEADAD005AFB68 /* Pitch Perfect */;
			targetProxy = 0CE99E101ACEADAD005AFB68 /* PBXContainerItemProxy */;
		};
/* End PBXTargetDependency section */

/* Begin PBXVariantGroup section */
		0CE99E031ACEADAD005AFB68 /* Main.storyboard */ = {
			isa = PBXVariantGroup;
			children = (
				0CE99E041ACEADAD005AFB68 /* Base */,
			);
			name = Main.storyboard;
			sourceTree = "<group>";
		};
		0CE99E081ACEADAD005AFB68 /* LaunchScreen.xib */ = {
			isa = PBXVariantGroup;
			children = (
				0CE99E091ACEADAD005AFB68 /* Base */,
			);
			name = LaunchScreen.xib;
			sourceTree = "<group>";
		};
/* End PBXVariantGroup section */

/* Begin XCBuildConfiguration section */
		0CE99E171ACEADAD005AFB68 /* Debug */ = {
			isa = XCBuildConfiguration;
			buildSettings = {
				ALWAYS_SEARCH_USER_PATHS = NO;
				CLANG_CXX_LANGUAGE_STANDARD = "gnu++0x";
				CLANG_CXX_LIBRARY = "libc++";
				CLANG_ENABLE_MODULES = YES;
				CLANG_ENABLE_OBJC_ARC = YES;
				CLANG_WARN_BOOL_CONVERSION = YES;
				CLANG_WARN_CONSTANT_CONVERSION = YES;
				CLANG_WARN_DIRECT_OBJC_ISA_USAGE = YES_ERROR;
				CLANG_WARN_EMPTY_BODY = YES;
				CLANG_WARN_ENUM_CONVERSION = YES;
				CLANG_WARN_INT_CONVERSION = YES;
				CLANG_WARN_OBJC_ROOT_CLASS = YES_ERROR;
				CLANG_WARN_UNREACHABLE_CODE = YES;
				CLANG_WARN__DUPLICATE_METHOD_MATCH = YES;
				"CODE_SIGN_IDENTITY[sdk=iphoneos*]" = "iPhone Developer";
				COPY_PHASE_STRIP = NO;
				ENABLE_STRICT_OBJC_MSGSEND = YES;
				GCC_C_LANGUAGE_STANDARD = gnu99;
				GCC_DYNAMIC_NO_PIC = NO;
				GCC_OPTIMIZATION_LEVEL = 0;
				GCC_PREPROCESSOR_DEFINITIONS = (
					"DEBUG=1",
					"$(inherited)",
				);
				GCC_SYMBOLS_PRIVATE_EXTERN = NO;
				GCC_WARN_64_TO_32_BIT_CONVERSION = YES;
				GCC_WARN_ABOUT_RETURN_TYPE = YES_ERROR;
				GCC_WARN_UNDECLARED_SELECTOR = YES;
				GCC_WARN_UNINITIALIZED_AUTOS = YES_AGGRESSIVE;
				GCC_WARN_UNUSED_FUNCTION = YES;
				GCC_WARN_UNUSED_VARIABLE = YES;
				IPHONEOS_DEPLOYMENT_TARGET = 8.1;
				MTL_ENABLE_DEBUG_INFO = YES;
				ONLY_ACTIVE_ARCH = YES;
				SDKROOT = iphoneos;
				SWIFT_OPTIMIZATION_LEVEL = "-Onone";
			};
			name = Debug;
		};
		0CE99E181ACEADAD005AFB68 /* Release */ = {
			isa = XCBuildConfiguration;
			buildSettings = {
				ALWAYS_SEARCH_USER_PATHS = NO;
				CLANG_CXX_LANGUAGE_STANDARD = "gnu++0x";
				CLANG_CXX_LIBRARY = "libc++";
				CLANG_ENABLE_MODULES = YES;
				CLANG_ENABLE_OBJC_ARC = YES;
				CLANG_WARN_BOOL_CONVERSION = YES;
				CLANG_WARN_CONSTANT_CONVERSION = YES;
				CLANG_WARN_DIRECT_OBJC_ISA_USAGE = YES_ERROR;
				CLANG_WARN_EMPTY_BODY = YES;
				CLANG_WARN_ENUM_CONVERSION = YES;
				CLANG_WARN_INT_CONVERSION = YES;
				CLANG_WARN_OBJC_ROOT_CLASS = YES_ERROR;
				CLANG_WARN_UNREACHABLE_CODE = YES;
				CLANG_WARN__DUPLICATE_METHOD_MATCH = YES;
				"CODE_SIGN_IDENTITY[sdk=iphoneos*]" = "iPhone Developer";
				COPY_PHASE_STRIP = YES;
				ENABLE_NS_ASSERTIONS = NO;
				ENABLE_STRICT_OBJC_MSGSEND = YES;
				GCC_C_LANGUAGE_STANDARD = gnu99;
				GCC_WARN_64_TO_32_BIT_CONVERSION = YES;
				GCC_WARN_ABOUT_RETURN_TYPE = YES_ERROR;
				GCC_WARN_UNDECLARED_SELECTOR = YES;
				GCC_WARN_UNINITIALIZED_AUTOS = YES_AGGRESSIVE;
				GCC_WARN_UNUSED_FUNCTION = YES;
				GCC_WARN_UNUSED_VARIABLE = YES;
				IPHONEOS_DEPLOYMENT_TARGET = 8.1;
				MTL_ENABLE_DEBUG_INFO = NO;
				SDKROOT = iphoneos;
				VALIDATE_PRODUCT = YES;
			};
			name = Release;
		};
		0CE99E1A1ACEADAD005AFB68 /* Debug */ = {
			isa = XCBuildConfiguration;
			buildSettings = {
				ASSETCATALOG_COMPILER_APPICON_NAME = AppIcon;
				INFOPLIST_FILE = "Pitch Perfect/Info.plist";
				LD_RUNPATH_SEARCH_PATHS = "$(inherited) @executable_path/Frameworks";
				PRODUCT_NAME = "$(TARGET_NAME)";
			};
			name = Debug;
		};
		0CE99E1B1ACEADAD005AFB68 /* Release */ = {
			isa = XCBuildConfiguration;
			buildSettings = {
				ASSETCATALOG_COMPILER_APPICON_NAME = AppIcon;
				INFOPLIST_FILE = "Pitch Perfect/Info.plist";
				LD_RUNPATH_SEARCH_PATHS = "$(inherited) @executable_path/Frameworks";
				PRODUCT_NAME = "$(TARGET_NAME)";
			};
			name = Release;
		};
		0CE99E1D1ACEADAD005AFB68 /* Debug */ = {
			isa = XCBuildConfiguration;
			buildSettings = {
				BUNDLE_LOADER = "$(TEST_HOST)";
				FRAMEWORK_SEARCH_PATHS = (
					"$(SDKROOT)/Developer/Library/Frameworks",
					"$(inherited)",
				);
				GCC_PREPROCESSOR_DEFINITIONS = (
					"DEBUG=1",
					"$(inherited)",
				);
				INFOPLIST_FILE = "Pitch PerfectTests/Info.plist";
				LD_RUNPATH_SEARCH_PATHS = "$(inherited) @executable_path/Frameworks @loader_path/Frameworks";
				PRODUCT_NAME = "$(TARGET_NAME)";
				TEST_HOST = "$(BUILT_PRODUCTS_DIR)/Pitch Perfect.app/Pitch Perfect";
			};
			name = Debug;
		};
		0CE99E1E1ACEADAD005AFB68 /* Release */ = {
			isa = XCBuildConfiguration;
			buildSettings = {
				BUNDLE_LOADER = "$(TEST_HOST)";
				FRAMEWORK_SEARCH_PATHS = (
					"$(SDKROOT)/Developer/Library/Frameworks",
					"$(inherited)",
				);
				INFOPLIST_FILE = "Pitch PerfectTests/Info.plist";
				LD_RUNPATH_SEARCH_PATHS = "$(inherited) @executable_path/Frameworks @loader_path/Frameworks";
				PRODUCT_NAME = "$(TARGET_NAME)";
				TEST_HOST = "$(BUILT_PRODUCTS_DIR)/Pitch Perfect.app/Pitch Perfect";
			};
			name = Release;
		};
/* End XCBuildConfiguration section */

/* Begin XCConfigurationList section */
		0CE99DF51ACEADAD005AFB68 /* Build configuration list for PBXProject "Pitch Perfect" */ = {
			isa = XCConfigurationList;
			buildConfigurations = (
				0CE99E171ACEADAD005AFB68 /* Debug */,
				0CE99E181ACEADAD005AFB68 /* Release */,
			);
			defaultConfigurationIsVisible = 0;
			defaultConfigurationName = Release;
		};
		0CE99E191ACEADAD005AFB68 /* Build configuration list for PBXNativeTarget "Pitch Perfect" */ = {
			isa = XCConfigurationList;
			buildConfigurations = (
				0CE99E1A1ACEADAD005AFB68 /* Debug */,
				0CE99E1B1ACEADAD005AFB68 /* Release */,
			);
			defaultConfigurationIsVisible = 0;
			defaultConfigurationName = Release;
		};
		0CE99E1C1ACEADAD005AFB68 /* Build configuration list for PBXNativeTarget "Pitch PerfectTests" */ = {
			isa = XCConfigurationList;
			buildConfigurations = (
				0CE99E1D1ACEADAD005AFB68 /* Debug */,
				0CE99E1E1ACEADAD005AFB68 /* Release */,
			);
			defaultConfigurationIsVisible = 0;
			defaultConfigurationName = Release;
		};
/* End XCConfigurationList section */
	};
	rootObject = 0CE99DF21ACEADAD005AFB68 /* Project object */;
}
